// !$*UTF8*$!
{
	archiveVersion = 1;
	classes = {
	};
	objectVersion = 46;
	objects = {

/* Begin PBXBuildFile section */
		DABB01E71F2DF8FA0014FB66 /* AppDelegate.swift in Sources */ = {isa = PBXBuildFile; fileRef = DABB01E61F2DF8FA0014FB66 /* AppDelegate.swift */; };
		DABB01EC1F2DF8FA0014FB66 /* Main.storyboard in Resources */ = {isa = PBXBuildFile; fileRef = DABB01EA1F2DF8FA0014FB66 /* Main.storyboard */; };
		DABB01EE1F2DF8FA0014FB66 /* Assets.xcassets in Resources */ = {isa = PBXBuildFile; fileRef = DABB01ED1F2DF8FA0014FB66 /* Assets.xcassets */; };
		DABB01F11F2DF8FA0014FB66 /* LaunchScreen.storyboard in Resources */ = {isa = PBXBuildFile; fileRef = DABB01EF1F2DF8FA0014FB66 /* LaunchScreen.storyboard */; };
		DABB01F91F2DF9160014FB66 /* PhotosViewController.swift in Sources */ = {isa = PBXBuildFile; fileRef = DABB01F81F2DF9160014FB66 /* PhotosViewController.swift */; };
		DABB01FB1F2DFB0B0014FB66 /* FlickrAPI.swift in Sources */ = {isa = PBXBuildFile; fileRef = DABB01FA1F2DFB0B0014FB66 /* FlickrAPI.swift */; };
		DABB01FD1F2E05ED0014FB66 /* PhotoStore.swift in Sources */ = {isa = PBXBuildFile; fileRef = DABB01FC1F2E05ED0014FB66 /* PhotoStore.swift */; };
		DABB01FF1F2EE9870014FB66 /* Photo.swift in Sources */ = {isa = PBXBuildFile; fileRef = DABB01FE1F2EE9870014FB66 /* Photo.swift */; };
		DABB02041F2F08EF0014FB66 /* PhotoDataSource.swift in Sources */ = {isa = PBXBuildFile; fileRef = DABB02031F2F08EF0014FB66 /* PhotoDataSource.swift */; };
		DABB02071F2F1B5A0014FB66 /* PhotoCollectionViewCell.swift in Sources */ = {isa = PBXBuildFile; fileRef = DABB02061F2F1B5A0014FB66 /* PhotoCollectionViewCell.swift */; };
/* End PBXBuildFile section */

/* Begin PBXFileReference section */
		DABB01E31F2DF8FA0014FB66 /* Photorama.app */ = {isa = PBXFileReference; explicitFileType = wrapper.application; includeInIndex = 0; path = Photorama.app; sourceTree = BUILT_PRODUCTS_DIR; };
		DABB01E61F2DF8FA0014FB66 /* AppDelegate.swift */ = {isa = PBXFileReference; lastKnownFileType = sourcecode.swift; path = AppDelegate.swift; sourceTree = "<group>"; };
		DABB01EB1F2DF8FA0014FB66 /* Base */ = {isa = PBXFileReference; lastKnownFileType = file.storyboard; name = Base; path = Base.lproj/Main.storyboard; sourceTree = "<group>"; };
		DABB01ED1F2DF8FA0014FB66 /* Assets.xcassets */ = {isa = PBXFileReference; lastKnownFileType = folder.assetcatalog; path = Assets.xcassets; sourceTree = "<group>"; };
		DABB01F01F2DF8FA0014FB66 /* Base */ = {isa = PBXFileReference; lastKnownFileType = file.storyboard; name = Base; path = Base.lproj/LaunchScreen.storyboard; sourceTree = "<group>"; };
		DABB01F21F2DF8FA0014FB66 /* Info.plist */ = {isa = PBXFileReference; lastKnownFileType = text.plist.xml; path = Info.plist; sourceTree = "<group>"; };
		DABB01F81F2DF9160014FB66 /* PhotosViewController.swift */ = {isa = PBXFileReference; fileEncoding = 4; lastKnownFileType = sourcecode.swift; name = PhotosViewController.swift; path = ../PhotosViewController.swift; sourceTree = "<group>"; };
		DABB01FA1F2DFB0B0014FB66 /* FlickrAPI.swift */ = {isa = PBXFileReference; fileEncoding = 4; lastKnownFileType = sourcecode.swift; path = FlickrAPI.swift; sourceTree = "<group>"; };
		DABB01FC1F2E05ED0014FB66 /* PhotoStore.swift */ = {isa = PBXFileReference; fileEncoding = 4; lastKnownFileType = sourcecode.swift; path = PhotoStore.swift; sourceTree = "<group>"; };
		DABB01FE1F2EE9870014FB66 /* Photo.swift */ = {isa = PBXFileReference; fileEncoding = 4; lastKnownFileType = sourcecode.swift; path = Photo.swift; sourceTree = "<group>"; };
		DABB02031F2F08EF0014FB66 /* PhotoDataSource.swift */ = {isa = PBXFileReference; fileEncoding = 4; lastKnownFileType = sourcecode.swift; path = PhotoDataSource.swift; sourceTree = "<group>"; };
		DABB02061F2F1B5A0014FB66 /* PhotoCollectionViewCell.swift */ = {isa = PBXFileReference; fileEncoding = 4; lastKnownFileType = sourcecode.swift; path = PhotoCollectionViewCell.swift; sourceTree = "<group>"; };
/* End PBXFileReference section */

/* Begin PBXFrameworksBuildPhase section */
		DABB01E01F2DF8FA0014FB66 /* Frameworks */ = {
			isa = PBXFrameworksBuildPhase;
			buildActionMask = 2147483647;
			files = (
			);
			runOnlyForDeploymentPostprocessing = 0;
		};
/* End PBXFrameworksBuildPhase section */

/* Begin PBXGroup section */
		DABB01DA1F2DF8FA0014FB66 = {
			isa = PBXGroup;
			children = (
				DABB01E51F2DF8FA0014FB66 /* Photorama */,
				DABB01E41F2DF8FA0014FB66 /* Products */,
			);
			sourceTree = "<group>";
		};
		DABB01E41F2DF8FA0014FB66 /* Products */ = {
			isa = PBXGroup;
			children = (
				DABB01E31F2DF8FA0014FB66 /* Photorama.app */,
			);
			name = Products;
			sourceTree = "<group>";
		};
		DABB01E51F2DF8FA0014FB66 /* Photorama */ = {
			isa = PBXGroup;
			children = (
				DABB01E61F2DF8FA0014FB66 /* AppDelegate.swift */,
				DABB02011F2F07460014FB66 /* ViewController */,
				DABB02051F2F1B280014FB66 /* View */,
				DABB02001F2F07430014FB66 /* Model */,
				DABB02021F2F07480014FB66 /* Service */,
				DABB01EA1F2DF8FA0014FB66 /* Main.storyboard */,
				DABB01ED1F2DF8FA0014FB66 /* Assets.xcassets */,
				DABB01EF1F2DF8FA0014FB66 /* LaunchScreen.storyboard */,
				DABB01F21F2DF8FA0014FB66 /* Info.plist */,
			);
			path = Photorama;
			sourceTree = "<group>";
		};
		DABB02001F2F07430014FB66 /* Model */ = {
			isa = PBXGroup;
			children = (
				DABB01FE1F2EE9870014FB66 /* Photo.swift */,
				DABB01FC1F2E05ED0014FB66 /* PhotoStore.swift */,
			);
			name = Model;
			sourceTree = "<group>";
		};
		DABB02011F2F07460014FB66 /* ViewController */ = {
			isa = PBXGroup;
			children = (
				DABB01F81F2DF9160014FB66 /* PhotosViewController.swift */,
			);
			name = ViewController;
			sourceTree = "<group>";
		};
		DABB02021F2F07480014FB66 /* Service */ = {
			isa = PBXGroup;
			children = (
				DABB02031F2F08EF0014FB66 /* PhotoDataSource.swift */,
				DABB01FA1F2DFB0B0014FB66 /* FlickrAPI.swift */,
			);
			name = Service;
			sourceTree = "<group>";
		};
		DABB02051F2F1B280014FB66 /* View */ = {
			isa = PBXGroup;
			children = (
				DABB02061F2F1B5A0014FB66 /* PhotoCollectionViewCell.swift */,
			);
			name = View;
			sourceTree = "<group>";
		};
/* End PBXGroup section */

/* Begin PBXNativeTarget section */
		DABB01E21F2DF8FA0014FB66 /* Photorama */ = {
			isa = PBXNativeTarget;
			buildConfigurationList = DABB01F51F2DF8FA0014FB66 /* Build configuration list for PBXNativeTarget "Photorama" */;
			buildPhases = (
				DABB01DF1F2DF8FA0014FB66 /* Sources */,
				DABB01E01F2DF8FA0014FB66 /* Frameworks */,
				DABB01E11F2DF8FA0014FB66 /* Resources */,
			);
			buildRules = (
			);
			dependencies = (
			);
			name = Photorama;
			productName = Photorama;
			productReference = DABB01E31F2DF8FA0014FB66 /* Photorama.app */;
			productType = "com.apple.product-type.application";
		};
/* End PBXNativeTarget section */

/* Begin PBXProject section */
		DABB01DB1F2DF8FA0014FB66 /* Project object */ = {
			isa = PBXProject;
			attributes = {
				LastSwiftUpdateCheck = 0830;
				LastUpgradeCheck = 0830;
				ORGANIZATIONNAME = LeFal;
				TargetAttributes = {
					DABB01E21F2DF8FA0014FB66 = {
						CreatedOnToolsVersion = 8.3.3;
						DevelopmentTeam = 34UH748CF3;
						ProvisioningStyle = Automatic;
					};
				};
			};
			buildConfigurationList = DABB01DE1F2DF8FA0014FB66 /* Build configuration list for PBXProject "Photorama" */;
			compatibilityVersion = "Xcode 3.2";
			developmentRegion = English;
			hasScannedForEncodings = 0;
			knownRegions = (
				en,
				Base,
			);
			mainGroup = DABB01DA1F2DF8FA0014FB66;
			productRefGroup = DABB01E41F2DF8FA0014FB66 /* Products */;
			projectDirPath = "";
			projectRoot = "";
			targets = (
				DABB01E21F2DF8FA0014FB66 /* Photorama */,
			);
		};
/* End PBXProject section */

/* Begin PBXResourcesBuildPhase section */
		DABB01E11F2DF8FA0014FB66 /* Resources */ = {
			isa = PBXResourcesBuildPhase;
			buildActionMask = 2147483647;
			files = (
				DABB01F11F2DF8FA0014FB66 /* LaunchScreen.storyboard in Resources */,
				DABB01EE1F2DF8FA0014FB66 /* Assets.xcassets in Resources */,
				DABB01EC1F2DF8FA0014FB66 /* Main.storyboard in Resources */,
			);
			runOnlyForDeploymentPostprocessing = 0;
		};
/* End PBXResourcesBuildPhase section */

/* Begin PBXSourcesBuildPhase section */
		DABB01DF1F2DF8FA0014FB66 /* Sources */ = {
			isa = PBXSourcesBuildPhase;
			buildActionMask = 2147483647;
			files = (
				DABB01F91F2DF9160014FB66 /* PhotosViewController.swift in Sources */,
				DABB01E71F2DF8FA0014FB66 /* AppDelegate.swift in Sources */,
				DABB01FD1F2E05ED0014FB66 /* PhotoStore.swift in Sources */,
				DABB02041F2F08EF0014FB66 /* PhotoDataSource.swift in Sources */,
				DABB02071F2F1B5A0014FB66 /* PhotoCollectionViewCell.swift in Sources */,
				DABB01FB1F2DFB0B0014FB66 /* FlickrAPI.swift in Sources */,
				DABB01FF1F2EE9870014FB66 /* Photo.swift in Sources */,
			);
			runOnlyForDeploymentPostprocessing = 0;
		};
/* End PBXSourcesBuildPhase section */

/* Begin PBXVariantGroup section */
		DABB01EA1F2DF8FA0014FB66 /* Main.storyboard */ = {
			isa = PBXVariantGroup;
			children = (
				DABB01EB1F2DF8FA0014FB66 /* Base */,
			);
			name = Main.storyboard;
			sourceTree = "<group>";
		};
		DABB01EF1F2DF8FA0014FB66 /* LaunchScreen.storyboard */ = {
			isa = PBXVariantGroup;
			children = (
				DABB01F01F2DF8FA0014FB66 /* Base */,
			);
			name = LaunchScreen.storyboard;
			sourceTree = "<group>";
		};
/* End PBXVariantGroup section */

/* Begin XCBuildConfiguration section */
		DABB01F31F2DF8FA0014FB66 /* Debug */ = {
			isa = XCBuildConfiguration;
			buildSettings = {
				ALWAYS_SEARCH_USER_PATHS = NO;
				CLANG_ANALYZER_NONNULL = YES;
				CLANG_ANALYZER_NUMBER_OBJECT_CONVERSION = YES_AGGRESSIVE;
				CLANG_CXX_LANGUAGE_STANDARD = "gnu++0x";
				CLANG_CXX_LIBRARY = "libc++";
				CLANG_ENABLE_MODULES = YES;
				CLANG_ENABLE_OBJC_ARC = YES;
				CLANG_WARN_BOOL_CONVERSION = YES;
				CLANG_WARN_CONSTANT_CONVERSION = YES;
				CLANG_WARN_DIRECT_OBJC_ISA_USAGE = YES_ERROR;
				CLANG_WARN_DOCUMENTATION_COMMENTS = YES;
				CLANG_WARN_EMPTY_BODY = YES;
				CLANG_WARN_ENUM_CONVERSION = YES;
				CLANG_WARN_INFINITE_RECURSION = YES;
				CLANG_WARN_INT_CONVERSION = YES;
				CLANG_WARN_OBJC_ROOT_CLASS = YES_ERROR;
				CLANG_WARN_SUSPICIOUS_MOVE = YES;
				CLANG_WARN_UNREACHABLE_CODE = YES;
				CLANG_WARN__DUPLICATE_METHOD_MATCH = YES;
				"CODE_SIGN_IDENTITY[sdk=iphoneos*]" = "iPhone Developer";
				COPY_PHASE_STRIP = NO;
				DEBUG_INFORMATION_FORMAT = dwarf;
				ENABLE_STRICT_OBJC_MSGSEND = YES;
				ENABLE_TESTABILITY = YES;
				GCC_C_LANGUAGE_STANDARD = gnu99;
				GCC_DYNAMIC_NO_PIC = NO;
				GCC_NO_COMMON_BLOCKS = YES;
				GCC_OPTIMIZATION_LEVEL = 0;
				GCC_PREPROCESSOR_DEFINITIONS = (
					"DEBUG=1",
					"$(inherited)",
				);
				GCC_WARN_64_TO_32_BIT_CONVERSION = YES;
				GCC_WARN_ABOUT_RETURN_TYPE = YES_ERROR;
				GCC_WARN_UNDECLARED_SELECTOR = YES;
				GCC_WARN_UNINITIALIZED_AUTOS = YES_AGGRESSIVE;
				GCC_WARN_UNUSED_FUNCTION = YES;
				GCC_WARN_UNUSED_VARIABLE = YES;
				IPHONEOS_DEPLOYMENT_TARGET = 10.3;
				MTL_ENABLE_DEBUG_INFO = YES;
				ONLY_ACTIVE_ARCH = YES;
				SDKROOT = iphoneos;
				SWIFT_ACTIVE_COMPILATION_CONDITIONS = DEBUG;
				SWIFT_OPTIMIZATION_LEVEL = "-Onone";
				TARGETED_DEVICE_FAMILY = "1,2";
			};
			name = Debug;
		};
		DABB01F41F2DF8FA0014FB66 /* Release */ = {
			isa = XCBuildConfiguration;
			buildSettings = {
				ALWAYS_SEARCH_USER_PATHS = NO;
				CLANG_ANALYZER_NONNULL = YES;
				CLANG_ANALYZER_NUMBER_OBJECT_CONVERSION = YES_AGGRESSIVE;
				CLANG_CXX_LANGUAGE_STANDARD = "gnu++0x";
				CLANG_CXX_LIBRARY = "libc++";
				CLANG_ENABLE_MODULES = YES;
				CLANG_ENABLE_OBJC_ARC = YES;
				CLANG_WARN_BOOL_CONVERSION = YES;
				CLANG_WARN_CONSTANT_CONVERSION = YES;
				CLANG_WARN_DIRECT_OBJC_ISA_USAGE = YES_ERROR;
				CLANG_WARN_DOCUMENTATION_COMMENTS = YES;
				CLANG_WARN_EMPTY_BODY = YES;
				CLANG_WARN_ENUM_CONVERSION = YES;
				CLANG_WARN_INFINITE_RECURSION = YES;
				CLANG_WARN_INT_CONVERSION = YES;
				CLANG_WARN_OBJC_ROOT_CLASS = YES_ERROR;
				CLANG_WARN_SUSPICIOUS_MOVE = YES;
				CLANG_WARN_UNREACHABLE_CODE = YES;
				CLANG_WARN__DUPLICATE_METHOD_MATCH = YES;
				"CODE_SIGN_IDENTITY[sdk=iphoneos*]" = "iPhone Developer";
				COPY_PHASE_STRIP = NO;
				DEBUG_INFORMATION_FORMAT = "dwarf-with-dsym";
				ENABLE_NS_ASSERTIONS = NO;
				ENABLE_STRICT_OBJC_MSGSEND = YES;
				GCC_C_LANGUAGE_STANDARD = gnu99;
				GCC_NO_COMMON_BLOCKS = YES;
				GCC_WARN_64_TO_32_BIT_CONVERSION = YES;
				GCC_WARN_ABOUT_RETURN_TYPE = YES_ERROR;
				GCC_WARN_UNDECLARED_SELECTOR = YES;
				GCC_WARN_UNINITIALIZED_AUTOS = YES_AGGRESSIVE;
				GCC_WARN_UNUSED_FUNCTION = YES;
				GCC_WARN_UNUSED_VARIABLE = YES;
				IPHONEOS_DEPLOYMENT_TARGET = 10.3;
				MTL_ENABLE_DEBUG_INFO = NO;
				SDKROOT = iphoneos;
				SWIFT_OPTIMIZATION_LEVEL = "-Owholemodule";
				TARGETED_DEVICE_FAMILY = "1,2";
				VALIDATE_PRODUCT = YES;
			};
			name = Release;
		};
		DABB01F61F2DF8FA0014FB66 /* Debug */ = {
			isa = XCBuildConfiguration;
			buildSettings = {
				ASSETCATALOG_COMPILER_APPICON_NAME = AppIcon;
				DEVELOPMENT_TEAM = 34UH748CF3;
				INFOPLIST_FILE = Photorama/Info.plist;
				LD_RUNPATH_SEARCH_PATHS = "$(inherited) @executable_path/Frameworks";
				PRODUCT_BUNDLE_IDENTIFIER = LeFal.Photorama;
				PRODUCT_NAME = "$(TARGET_NAME)";
				SWIFT_VERSION = 3.0;
			};
			name = Debug;
		};
		DABB01F71F2DF8FA0014FB66 /* Release */ = {
			isa = XCBuildConfiguration;
			buildSettings = {
				ASSETCATALOG_COMPILER_APPICON_NAME = AppIcon;
				DEVELOPMENT_TEAM = 34UH748CF3;
				INFOPLIST_FILE = Photorama/Info.plist;
				LD_RUNPATH_SEARCH_PATHS = "$(inherited) @executable_path/Frameworks";
				PRODUCT_BUNDLE_IDENTIFIER = LeFal.Photorama;
				PRODUCT_NAME = "$(TARGET_NAME)";
				SWIFT_VERSION = 3.0;
			};
			name = Release;
		};
/* End XCBuildConfiguration section */

/* Begin XCConfigurationList section */
		DABB01DE1F2DF8FA0014FB66 /* Build configuration list for PBXProject "Photorama" */ = {
			isa = XCConfigurationList;
			buildConfigurations = (
				DABB01F31F2DF8FA0014FB66 /* Debug */,
				DABB01F41F2DF8FA0014FB66 /* Release */,
			);
			defaultConfigurationIsVisible = 0;
			defaultConfigurationName = Release;
		};
		DABB01F51F2DF8FA0014FB66 /* Build configuration list for PBXNativeTarget "Photorama" */ = {
			isa = XCConfigurationList;
			buildConfigurations = (
				DABB01F61F2DF8FA0014FB66 /* Debug */,
				DABB01F71F2DF8FA0014FB66 /* Release */,
			);
			defaultConfigurationIsVisible = 0;
		};
/* End XCConfigurationList section */
	};
	rootObject = DABB01DB1F2DF8FA0014FB66 /* Project object */;
}
